
Microsoft Visual Studio Solution File, Format Version 12.00
# Visual Studio 15
VisualStudioVersion = 15.0.26430.16
MinimumVisualStudioVersion = 10.0.40219.1
Project("{FAE04EC0-301F-11D3-BF4B-00C04F79EFBC}") = "Metro.DynamicModeules.WebApi", "Metro.DynamicModeules.WebApi\Metro.DynamicModeules.WebApi.csproj", "{7DD97CDC-E2B1-444B-AFEB-F88B0C1254C0}"
EndProject
Project("{FAE04EC0-301F-11D3-BF4B-00C04F79EFBC}") = "Metro.DynamicModeules.WebApi.测试", "Metro.DynamicModeules.WebApi.测试\Metro.DynamicModeules.WebApi.测试.csproj", "{0825C82E-FC54-4568-9BE9-CEAD530A858D}"
EndProject
Project("{FAE04EC0-301F-11D3-BF4B-00C04F79EFBC}") = "Metro.DynamicModeules.Service", "Metro.DynamicModeules.Service\Metro.DynamicModeules.Service.csproj", "{309AE467-67FA-4578-B25E-784E23E9266D}"
EndProject
Project("{FAE04EC0-301F-11D3-BF4B-00C04F79EFBC}") = "Metro.DynamicModeules.Interface", "Metro.DynamicModeules.Interface\Metro.DynamicModeules.Interface.csproj", "{66B7A24B-9FB9-4436-A269-F6740E700C03}"
EndProject
Project("{FAE04EC0-301F-11D3-BF4B-00C04F79EFBC}") = "Metro.DynamicModeules.Common", "..\..\failDynamicModeules\Metro.DynamicModeules\Metro.DynamicModeules.Common\Metro.DynamicModeules.Common.csproj", "{269ECEFF-B6C2-4708-86BA-AFBB1A2B045C}"
EndProject
Project("{2150E333-8FDC-42A3-9474-1A3956D46DE8}") = "Solution Items", "Solution Items", "{06E2F6E4-72B5-48CA-8BDE-0DB6FC0677F3}"
EndProject
Project("{FAE04EC0-301F-11D3-BF4B-00C04F79EFBC}") = "Metro.DynamicModeules.Models", "..\..\failDynamicModeules\Metro.DynamicModeules\Metro.DynamicModeules.Models\Metro.DynamicModeules.Models.csproj", "{937E0D53-9696-48AB-B12F-736BC6D43F15}"
EndProject
Global
	GlobalSection(SolutionConfigurationPlatforms) = preSolution
		Debug|Any CPU = Debug|Any CPU
		Debug|x86 = Debug|x86
		Release|Any CPU = Release|Any CPU
		Release|x86 = Release|x86
	EndGlobalSection
	GlobalSection(ProjectConfigurationPlatforms) = postSolution
		{7DD97CDC-E2B1-444B-AFEB-F88B0C1254C0}.Debug|Any CPU.ActiveCfg = Debug|Any CPU
		{7DD97CDC-E2B1-444B-AFEB-F88B0C1254C0}.Debug|Any CPU.Build.0 = Debug|Any CPU
		{7DD97CDC-E2B1-444B-AFEB-F88B0C1254C0}.Debug|x86.ActiveCfg = Debug|Any CPU
		{7DD97CDC-E2B1-444B-AFEB-F88B0C1254C0}.Debug|x86.Build.0 = Debug|Any CPU
		{7DD97CDC-E2B1-444B-AFEB-F88B0C1254C0}.Release|Any CPU.ActiveCfg = Release|Any CPU
		{7DD97CDC-E2B1-444B-AFEB-F88B0C1254C0}.Release|Any CPU.Build.0 = Release|Any CPU
		{7DD97CDC-E2B1-444B-AFEB-F88B0C1254C0}.Release|x86.ActiveCfg = Release|Any CPU
		{7DD97CDC-E2B1-444B-AFEB-F88B0C1254C0}.Release|x86.Build.0 = Release|Any CPU
		{0825C82E-FC54-4568-9BE9-CEAD530A858D}.Debug|Any CPU.ActiveCfg = Debug|Any CPU
		{0825C82E-FC54-4568-9BE9-CEAD530A858D}.Debug|Any CPU.Build.0 = Debug|Any CPU
		{0825C82E-FC54-4568-9BE9-CEAD530A858D}.Debug|x86.ActiveCfg = Debug|Any CPU
		{0825C82E-FC54-4568-9BE9-CEAD530A858D}.Debug|x86.Build.0 = Debug|Any CPU
		{0825C82E-FC54-4568-9BE9-CEAD530A858D}.Release|Any CPU.ActiveCfg = Release|Any CPU
		{0825C82E-FC54-4568-9BE9-CEAD530A858D}.Release|Any CPU.Build.0 = Release|Any CPU
		{0825C82E-FC54-4568-9BE9-CEAD530A858D}.Release|x86.ActiveCfg = Release|Any CPU
		{0825C82E-FC54-4568-9BE9-CEAD530A858D}.Release|x86.Build.0 = Release|Any CPU
		{309AE467-67FA-4578-B25E-784E23E9266D}.Debug|Any CPU.ActiveCfg = Debug|Any CPU
		{309AE467-67FA-4578-B25E-784E23E9266D}.Debug|Any CPU.Build.0 = Debug|Any CPU
		{309AE467-67FA-4578-B25E-784E23E9266D}.Debug|x86.ActiveCfg = Debug|Any CPU
		{309AE467-67FA-4578-B25E-784E23E9266D}.Debug|x86.Build.0 = Debug|Any CPU
		{309AE467-67FA-4578-B25E-784E23E9266D}.Release|Any CPU.ActiveCfg = Release|Any CPU
		{309AE467-67FA-4578-B25E-784E23E9266D}.Release|Any CPU.Build.0 = Release|Any CPU
		{309AE467-67FA-4578-B25E-784E23E9266D}.Release|x86.ActiveCfg = Release|Any CPU
		{309AE467-67FA-4578-B25E-784E23E9266D}.Release|x86.Build.0 = Release|Any CPU
		{66B7A24B-9FB9-4436-A269-F6740E700C03}.Debug|Any CPU.ActiveCfg = Debug|Any CPU
		{66B7A24B-9FB9-4436-A269-F6740E700C03}.Debug|Any CPU.Build.0 = Debug|Any CPU
		{66B7A24B-9FB9-4436-A269-F6740E700C03}.Debug|x86.ActiveCfg = Debug|Any CPU
		{66B7A24B-9FB9-4436-A269-F6740E700C03}.Debug|x86.Build.0 = Debug|Any CPU
		{66B7A24B-9FB9-4436-A269-F6740E700C03}.Release|Any CPU.ActiveCfg = Release|Any CPU
		{66B7A24B-9FB9-4436-A269-F6740E700C03}.Release|Any CPU.Build.0 = Release|Any CPU
		{66B7A24B-9FB9-4436-A269-F6740E700C03}.Release|x86.ActiveCfg = Release|Any CPU
		{66B7A24B-9FB9-4436-A269-F6740E700C03}.Release|x86.Build.0 = Release|Any CPU
		{269ECEFF-B6C2-4708-86BA-AFBB1A2B045C}.Debug|Any CPU.ActiveCfg = Debug|Any CPU
		{269ECEFF-B6C2-4708-86BA-AFBB1A2B045C}.Debug|Any CPU.Build.0 = Debug|Any CPU
		{269ECEFF-B6C2-4708-86BA-AFBB1A2B045C}.Debug|x86.ActiveCfg = Debug|x86
		{269ECEFF-B6C2-4708-86BA-AFBB1A2B045C}.Debug|x86.Build.0 = Debug|x86
		{269ECEFF-B6C2-4708-86BA-AFBB1A2B045C}.Release|Any CPU.ActiveCfg = Release|Any CPU
		{269ECEFF-B6C2-4708-86BA-AFBB1A2B045C}.Release|Any CPU.Build.0 = Release|Any CPU
		{269ECEFF-B6C2-4708-86BA-AFBB1A2B045C}.Release|x86.ActiveCfg = Release|x86
		{269ECEFF-B6C2-4708-86BA-AFBB1A2B045C}.Release|x86.Build.0 = Release|x86
		{937E0D53-9696-48AB-B12F-736BC6D43F15}.Debug|Any CPU.ActiveCfg = Debug|Any CPU
		{937E0D53-9696-48AB-B12F-736BC6D43F15}.Debug|Any CPU.Build.0 = Debug|Any CPU
		{937E0D53-9696-48AB-B12F-736BC6D43F15}.Debug|x86.ActiveCfg = Debug|Any CPU
		{937E0D53-9696-48AB-B12F-736BC6D43F15}.Debug|x86.Build.0 = Debug|Any CPU
		{937E0D53-9696-48AB-B12F-736BC6D43F15}.Release|Any CPU.ActiveCfg = Release|Any CPU
		{937E0D53-9696-48AB-B12F-736BC6D43F15}.Release|Any CPU.Build.0 = Release|Any CPU
		{937E0D53-9696-48AB-B12F-736BC6D43F15}.Release|x86.ActiveCfg = Release|Any CPU
		{937E0D53-9696-48AB-B12F-736BC6D43F15}.Release|x86.Build.0 = Release|Any CPU
	EndGlobalSection
	GlobalSection(SolutionProperties) = preSolution
		HideSolutionNode = FALSE
	EndGlobalSection
EndGlobal
